<?xml version="1.0" encoding="utf-8"?>
<Project ToolsVersion="4.0" xmlns="http://schemas.microsoft.com/developer/msbuild/2003">
  <ItemGroup>
    <Filter Include="源文件">
      <UniqueIdentifier>{4FC737F1-C7A5-4376-A066-2A32D752A2FF}</UniqueIdentifier>
      <Extensions>cpp;c;cc;cxx;c++;cppm;ixx;def;odl;idl;hpj;bat;asm;asmx</Extensions>
    </Filter>
    <Filter Include="头文件">
      <UniqueIdentifier>{93995380-89BD-4b04-88EB-625FBE52EBFB}</UniqueIdentifier>
      <Extensions>h;hh;hpp;hxx;h++;hm;inl;inc;ipp;xsd</Extensions>
    </Filter>
    <Filter Include="资源文件">
      <UniqueIdentifier>{67DA6AB6-F800-4c08-8B7A-83BB121AAD01}</UniqueIdentifier>
      <Extensions>rc;ico;cur;bmp;dlg;rc2;rct;bin;rgs;gif;jpg;jpeg;jpe;resx;tiff;tif;png;wav;mfcribbon-ms</Extensions>
    </Filter>
  </ItemGroup>
  <ItemGroup>
    <ClCompile Include="main.cpp">
      <Filter>源文件</Filter>
    </ClCompile>
    <ClCompile Include="Systemclass.cpp">
      <Filter>源文件</Filter>
    </ClCompile>
    <ClCompile Include="InputClass.cpp">
      <Filter>源文件</Filter>
    </ClCompile>
    <ClCompile Include="Graphicsclass.cpp">
      <Filter>源文件</Filter>
    </ClCompile>
    <ClCompile Include="D3dClass.cpp">
      <Filter>源文件</Filter>
    </ClCompile>
    <ClCompile Include="ModelClass.cpp">
      <Filter>源文件</Filter>
    </ClCompile>
    <ClCompile Include="Colorshaderclass.cpp">
      <Filter>源文件</Filter>
    </ClCompile>
    <ClCompile Include="Cameraclass.cpp">
      <Filter>源文件</Filter>
    </ClCompile>
    <ClCompile Include="TextureClass.cpp">
      <Filter>源文件</Filter>
    </ClCompile>
    <ClCompile Include="Textureshaderclass.cpp">
      <Filter>源文件</Filter>
    </ClCompile>
    <ClCompile Include="LightShaderClass.cpp">
      <Filter>源文件</Filter>
    </ClCompile>
    <ClCompile Include="LightClass.cpp">
      <Filter>源文件</Filter>
    </ClCompile>
    <ClCompile Include="BitmapClass.cpp">
      <Filter>源文件</Filter>
    </ClCompile>
    <ClCompile Include="FontClass.cpp">
      <Filter>源文件</Filter>
    </ClCompile>
    <ClCompile Include="FontShaderClass.cpp">
      <Filter>源文件</Filter>
    </ClCompile>
    <ClCompile Include="TextClass.cpp">
      <Filter>源文件</Filter>
    </ClCompile>
  </ItemGroup>
  <ItemGroup>
    <ClInclude Include="Systemclass.h">
      <Filter>头文件</Filter>
    </ClInclude>
    <ClInclude Include="InputClass.h">
      <Filter>头文件</Filter>
    </ClInclude>
    <ClInclude Include="Graphicsclass.h">
      <Filter>头文件</Filter>
    </ClInclude>
    <ClInclude Include="D3dClass.h">
      <Filter>头文件</Filter>
    </ClInclude>
    <ClInclude Include="ModelClass.h">
      <Filter>头文件</Filter>
    </ClInclude>
    <ClInclude Include="Colorshaderclass.h">
      <Filter>头文件</Filter>
    </ClInclude>
    <ClInclude Include="Cameraclass.h">
      <Filter>头文件</Filter>
    </ClInclude>
    <ClInclude Include="TextureClass.h">
      <Filter>头文件</Filter>
    </ClInclude>
    <ClInclude Include="Textureshaderclass.h">
      <Filter>头文件</Filter>
    </ClInclude>
    <ClInclude Include="LightShaderClass.h">
      <Filter>头文件</Filter>
    </ClInclude>
    <ClInclude Include="LightClass.h">
      <Filter>头文件</Filter>
    </ClInclude>
    <ClInclude Include="BitmapClass.h">
      <Filter>头文件</Filter>
    </ClInclude>
    <ClInclude Include="FontClass.h">
      <Filter>头文件</Filter>
    </ClInclude>
    <ClInclude Include="FontShaderClass.h">
      <Filter>头文件</Filter>
    </ClInclude>
    <ClInclude Include="TextClass.h">
      <Filter>头文件</Filter>
    </ClInclude>
  </ItemGroup>
</Project>